
Microsoft Visual Studio Solution File, Format Version 12.00
# Visual Studio 15
VisualStudioVersion = 15.0.28307.572
MinimumVisualStudioVersion = 10.0.40219.1
Project("{E24C65DC-7377-472B-9ABA-BC803B73C61A}") = "IS384_LEVANA_12345_QUANLYBANHANG", "..\ASP_IS384_LEVANTHUC_12345_QUANLYBANHANG\IS384_LEVANA_12345_QUANLYBANHANG\", "{5A1D9972-3FA4-4CBC-9176-EC8D4F3B616B}"
	ProjectSection(WebsiteProperties) = preProject
		TargetFrameworkMoniker = ".NETFramework,Version%3Dv4.5.2"
		Debug.AspNetCompiler.VirtualPath = "/localhost_52367"
		Debug.AspNetCompiler.PhysicalPath = "..\ASP_IS384_LEVANTHUC_12345_QUANLYBANHANG\IS384_LEVANA_12345_QUANLYBANHANG\"
		Debug.AspNetCompiler.TargetPath = "PrecompiledWeb\localhost_52367\"
		Debug.AspNetCompiler.Updateable = "true"
		Debug.AspNetCompiler.ForceOverwrite = "true"
		Debug.AspNetCompiler.FixedNames = "false"
		Debug.AspNetCompiler.Debug = "True"
		Release.AspNetCompiler.VirtualPath = "/localhost_52367"
		Release.AspNetCompiler.PhysicalPath = "..\ASP_IS384_LEVANTHUC_12345_QUANLYBANHANG\IS384_LEVANA_12345_QUANLYBANHANG\"
		Release.AspNetCompiler.TargetPath = "PrecompiledWeb\localhost_52367\"
		Release.AspNetCompiler.Updateable = "true"
		Release.AspNetCompiler.ForceOverwrite = "true"
		Release.AspNetCompiler.FixedNames = "false"
		Release.AspNetCompiler.Debug = "False"
		VWDPort = "52367"
		SlnRelativePath = "..\ASP_IS384_LEVANTHUC_12345_QUANLYBANHANG\IS384_LEVANA_12345_QUANLYBANHANG\"
	EndProjectSection
EndProject
Global
	GlobalSection(SolutionConfigurationPlatforms) = preSolution
		Debug|Any CPU = Debug|Any CPU
		Release|Any CPU = Release|Any CPU
	EndGlobalSection
	GlobalSection(ProjectConfigurationPlatforms) = postSolution
		{5A1D9972-3FA4-4CBC-9176-EC8D4F3B616B}.Debug|Any CPU.ActiveCfg = Debug|Any CPU
		{5A1D9972-3FA4-4CBC-9176-EC8D4F3B616B}.Debug|Any CPU.Build.0 = Debug|Any CPU
		{5A1D9972-3FA4-4CBC-9176-EC8D4F3B616B}.Release|Any CPU.ActiveCfg = Debug|Any CPU
		{5A1D9972-3FA4-4CBC-9176-EC8D4F3B616B}.Release|Any CPU.Build.0 = Debug|Any CPU
	EndGlobalSection
	GlobalSection(SolutionProperties) = preSolution
		HideSolutionNode = FALSE
	EndGlobalSection
	GlobalSection(ExtensibilityGlobals) = postSolution
		SolutionGuid = {A7E7F45B-D64E-4D85-834C-1729124F0C37}
	EndGlobalSection
EndGlobal
